{
  "name": "notification-service",
  "version": "1.0.0",
  "lockfileVersion": 3,
  "requires": true,
  "packages": {
    "": {
      "name": "notification-service",
      "version": "1.0.0",
      "dependencies": {
        "bullmq": "^4.12.0",
        "dotenv": "^16.3.1",
        "express": "^4.18.2",
        "handlebars": "^4.7.8",
        "ioredis": "^5.3.2",
        "mysql2": "^3.6.1",
        "sequelize": "^6.33.0",
        "uuid": "^14.0.0"
      },
      "devDependencies": {
        "nodemon": "^3.0.1"
      }
    },
    "node_modules/@ioredis/commands": {
      "version": "1.5.1",
      "resolved": "https://registry.npmjs.org/@ioredis/commands/-/commands-1.5.1.tgz",
      "integrity": "sha512-JH8ZL/ywcJyR9MmJ5BNqZllXNZQqQbnVZOqpPQqE1vHiFgAw4NHbvE0FOduNU8IX9babitBT46571OnPTT0Zcw==",
      "license": "MIT"
    },
    "node_modules/@msgpackr-extract/msgpackr-extract-darwin-arm64": {
      "version": "3.0.3",
      "resolved": "https://registry.npmjs.org/@msgpackr-extract/msgpackr-extract-darwin-arm64/-/msgpackr-extract-darwin-arm64-3.0.3.tgz",
      "integrity": "sha512-QZHtlVgbAdy2zAqNA9Gu1UpIuI8Xvsd1v8ic6B2pZmeFnFcMWiPLfWXh7TVw4eGEZ/C9TH281KwhVoeQUKbyjw==",
      "cpu": [
        "arm64"
      ],
      "license": "MIT",
      "optional": true,
      "os": [
        "darwin"
      ]
    }
  }
}
